
Microsoft Visual Studio Solution File, Format Version 12.00
# Visual Studio Version 17
VisualStudioVersion = 17.0.31717.71
MinimumVisualStudioVersion = 10.0.40219.1
Project("{9A19103F-16F7-4668-BE54-9A1E7A4F7556}") = "CryptoProvider", "CryptoProvider\CryptoProvider.csproj", "{F5DBA709-78F7-46DD-B467-3993C66D1B10}"
EndProject
Project("{9A19103F-16F7-4668-BE54-9A1E7A4F7556}") = "SecretManager", "SecretManager\SecretManager.csproj", "{E425F642-DE78-4A79-B074-82F519E3BC5F}"
EndProject
Project("{2150E333-8FDC-42A3-9474-1A3956D46DE8}") = "Samples", "Samples", "{47499654-AC3A-4DBB-89B1-28A6D3DF95E2}"
EndProject
Project("{9A19103F-16F7-4668-BE54-9A1E7A4F7556}") = "Tests", "Tests\Tests.csproj", "{DBC1A99F-F241-49F6-A5B0-1864295F7635}"
EndProject
Project("{9A19103F-16F7-4668-BE54-9A1E7A4F7556}") = "SecretManager.Host", "Samples\SecretManager.Host\SecretManager.Host.csproj", "{5F145053-3DF9-45F0-9FD9-223F79FED5C0}"
EndProject
Project("{9A19103F-16F7-4668-BE54-9A1E7A4F7556}") = "SecretManager.Edge.Module", "Samples\SecretManager.Edge.Module\SecretManager.Edge.Module.csproj", "{4F01457E-D635-4273-AABA-C372D5851E2B}"
EndProject
Project("{9A19103F-16F7-4668-BE54-9A1E7A4F7556}") = "SecretDeliveryApp", "SecretDeliveryApp\SecretDeliveryApp.csproj", "{54A78156-EDD0-4565-BCF2-066E1A9F782C}"
EndProject
Global
	GlobalSection(SolutionConfigurationPlatforms) = preSolution
		Debug|Any CPU = Debug|Any CPU
		Release|Any CPU = Release|Any CPU
	EndGlobalSection
	GlobalSection(ProjectConfigurationPlatforms) = postSolution
		{F5DBA709-78F7-46DD-B467-3993C66D1B10}.Debug|Any CPU.ActiveCfg = Debug|Any CPU
		{F5DBA709-78F7-46DD-B467-3993C66D1B10}.Debug|Any CPU.Build.0 = Debug|Any CPU
		{F5DBA709-78F7-46DD-B467-3993C66D1B10}.Release|Any CPU.ActiveCfg = Release|Any CPU
		{F5DBA709-78F7-46DD-B467-3993C66D1B10}.Release|Any CPU.Build.0 = Release|Any CPU
		{E425F642-DE78-4A79-B074-82F519E3BC5F}.Debug|Any CPU.ActiveCfg = Debug|Any CPU
		{E425F642-DE78-4A79-B074-82F519E3BC5F}.Debug|Any CPU.Build.0 = Debug|Any CPU
		{E425F642-DE78-4A79-B074-82F519E3BC5F}.Release|Any CPU.ActiveCfg = Release|Any CPU
		{E425F642-DE78-4A79-B074-82F519E3BC5F}.Release|Any CPU.Build.0 = Release|Any CPU
		{DBC1A99F-F241-49F6-A5B0-1864295F7635}.Debug|Any CPU.ActiveCfg = Debug|Any CPU
		{DBC1A99F-F241-49F6-A5B0-1864295F7635}.Debug|Any CPU.Build.0 = Debug|Any CPU
		{DBC1A99F-F241-49F6-A5B0-1864295F7635}.Release|Any CPU.ActiveCfg = Release|Any CPU
		{DBC1A99F-F241-49F6-A5B0-1864295F7635}.Release|Any CPU.Build.0 = Release|Any CPU
		{5F145053-3DF9-45F0-9FD9-223F79FED5C0}.Debug|Any CPU.ActiveCfg = Debug|Any CPU
		{5F145053-3DF9-45F0-9FD9-223F79FED5C0}.Debug|Any CPU.Build.0 = Debug|Any CPU
		{5F145053-3DF9-45F0-9FD9-223F79FED5C0}.Release|Any CPU.ActiveCfg = Release|Any CPU
		{5F145053-3DF9-45F0-9FD9-223F79FED5C0}.Release|Any CPU.Build.0 = Release|Any CPU
		{4F01457E-D635-4273-AABA-C372D5851E2B}.Debug|Any CPU.ActiveCfg = Debug|Any CPU
		{4F01457E-D635-4273-AABA-C372D5851E2B}.Debug|Any CPU.Build.0 = Debug|Any CPU
		{4F01457E-D635-4273-AABA-C372D5851E2B}.Release|Any CPU.ActiveCfg = Release|Any CPU
		{4F01457E-D635-4273-AABA-C372D5851E2B}.Release|Any CPU.Build.0 = Release|Any CPU
		{54A78156-EDD0-4565-BCF2-066E1A9F782C}.Debug|Any CPU.ActiveCfg = Debug|Any CPU
		{54A78156-EDD0-4565-BCF2-066E1A9F782C}.Debug|Any CPU.Build.0 = Debug|Any CPU
		{54A78156-EDD0-4565-BCF2-066E1A9F782C}.Release|Any CPU.ActiveCfg = Release|Any CPU
		{54A78156-EDD0-4565-BCF2-066E1A9F782C}.Release|Any CPU.Build.0 = Release|Any CPU
	EndGlobalSection
	GlobalSection(SolutionProperties) = preSolution
		HideSolutionNode = FALSE
	EndGlobalSection
	GlobalSection(NestedProjects) = preSolution
		{5F145053-3DF9-45F0-9FD9-223F79FED5C0} = {47499654-AC3A-4DBB-89B1-28A6D3DF95E2}
		{4F01457E-D635-4273-AABA-C372D5851E2B} = {47499654-AC3A-4DBB-89B1-28A6D3DF95E2}
	EndGlobalSection
	GlobalSection(ExtensibilityGlobals) = postSolution
		SolutionGuid = {E21551D9-3EF1-4159-9226-69BCEA168976}
	EndGlobalSection
EndGlobal
